// !$*UTF8*$!
{
	archiveVersion = 1;
	classes = {
	};
	objectVersion = 77;
	objects = {

/* Begin PBXBuildFile section */
		F3B0021D0000000000000000 /* report-valuation-tests.swift in Sources */ = {isa = PBXBuildFile; fileRef = F3B0011D0000000000000000 /* report-valuation-tests.swift */; };
		F3B0021C0000000000000000 /* valuation-tests.swift in Sources */ = {isa = PBXBuildFile; fileRef = F3B0011C0000000000000000 /* valuation-tests.swift */; };
		F3B0021B0000000000000000 /* report-valuation.swift in Sources */ = {isa = PBXBuildFile; fileRef = F3B0011B0000000000000000 /* report-valuation.swift */; };
		F3B0021A0000000000000000 /* rate-service.swift in Sources */ = {isa = PBXBuildFile; fileRef = F3B0011A0000000000000000 /* rate-service.swift */; };
		F3B002190000000000000000 /* parse-contract-tests.swift in Sources */ = {isa = PBXBuildFile; fileRef = F3B001190000000000000000 /* parse-contract-tests.swift */; };
		F3B002180000000000000000 /* parse-response-decoder.swift in Sources */ = {isa = PBXBuildFile; fileRef = F3B001180000000000000000 /* parse-response-decoder.swift */; };
		F3B002170000000000000000 /* ui-write-path-tests.swift in Sources */ = {isa = PBXBuildFile; fileRef = F3B001170000000000000000 /* ui-write-path-tests.swift */; };
		F3B002160000000000000000 /* transaction-edit-sheet.swift in Sources */ = {isa = PBXBuildFile; fileRef = F3B001160000000000000000 /* transaction-edit-sheet.swift */; };
		F3B002150000000000000000 /* transaction-editor.swift in Sources */ = {isa = PBXBuildFile; fileRef = F3B001150000000000000000 /* transaction-editor.swift */; };
		F3B002140000000000000000 /* ledger-error-copy.swift in Sources */ = {isa = PBXBuildFile; fileRef = F3B001140000000000000000 /* ledger-error-copy.swift */; };
		F3B002130000000000000000 /* ledger-model-bridge.swift in Sources */ = {isa = PBXBuildFile; fileRef = F3B001130000000000000000 /* ledger-model-bridge.swift */; };
		F3B002120000000000000000 /* parsed-transaction-draft.swift in Sources */ = {isa = PBXBuildFile; fileRef = F3B001120000000000000000 /* parsed-transaction-draft.swift */; };
		F3B002110000000000000000 /* sync-issues-view.swift in Sources */ = {isa = PBXBuildFile; fileRef = F3B001110000000000000000 /* sync-issues-view.swift */; };
		F3B002100000000000000000 /* ledger-conflict-tests.swift in Sources */ = {isa = PBXBuildFile; fileRef = F3B001100000000000000000 /* ledger-conflict-tests.swift */; };
		F3B0020F0000000000000000 /* account-scope-tests.swift in Sources */ = {isa = PBXBuildFile; fileRef = F3B0010F0000000000000000 /* account-scope-tests.swift */; };
		F3A1092F0000000000000000 /* ledger-scope.swift in Sources */ = {isa = PBXBuildFile; fileRef = F3A1091F0000000000000000 /* ledger-scope.swift */; };
		F3A1082F0000000000000000 /* ledger-conflict-resolution.swift in Sources */ = {isa = PBXBuildFile; fileRef = F3A1081F0000000000000000 /* ledger-conflict-resolution.swift */; };
		F3B0020E0000000000000000 /* ledger-restore-tests.swift in Sources */ = {isa = PBXBuildFile; fileRef = F3B0010E0000000000000000 /* ledger-restore-tests.swift */; };
		F3A1072F0000000000000000 /* ledger-pull-merge.swift in Sources */ = {isa = PBXBuildFile; fileRef = F3A1071F0000000000000000 /* ledger-pull-merge.swift */; };
		F3B0020D0000000000000000 /* ledger-push-tests.swift in Sources */ = {isa = PBXBuildFile; fileRef = F3B0010D0000000000000000 /* ledger-push-tests.swift */; };
		F3A1062F0000000000000000 /* ledger-sync-coordinator.swift in Sources */ = {isa = PBXBuildFile; fileRef = F3A1061F0000000000000000 /* ledger-sync-coordinator.swift */; };
		F3B0020C0000000000000000 /* supabase-transport-tests.swift in Sources */ = {isa = PBXBuildFile; fileRef = F3B0010C0000000000000000 /* supabase-transport-tests.swift */; };
		F3B0020B0000000000000000 /* ledger-store-tests.swift in Sources */ = {isa = PBXBuildFile; fileRef = F3B0010B0000000000000000 /* ledger-store-tests.swift */; };
		F3A1052F0000000000000000 /* ledger-store.swift in Sources */ = {isa = PBXBuildFile; fileRef = F3A1051F0000000000000000 /* ledger-store.swift */; };
		F3B0020A0000000000000000 /* chat-batch-tests.swift in Sources */ = {isa = PBXBuildFile; fileRef = F3B0010A0000000000000000 /* chat-batch-tests.swift */; };
		F3B002090000000000000000 /* wallet-ledger-tests.swift in Sources */ = {isa = PBXBuildFile; fileRef = F3B001090000000000000000 /* wallet-ledger-tests.swift */; };
		F3A1042F0000000000000000 /* wallet-ledger.swift in Sources */ = {isa = PBXBuildFile; fileRef = F3A1041F0000000000000000 /* wallet-ledger.swift */; };
		F3B002080000000000000000 /* ledger-coding-tests.swift in Sources */ = {isa = PBXBuildFile; fileRef = F3B001080000000000000000 /* ledger-coding-tests.swift */; };
		F3B002070000000000000000 /* ledger-schema-migration-tests.swift in Sources */ = {isa = PBXBuildFile; fileRef = F3B001070000000000000000 /* ledger-schema-migration-tests.swift */; };
		F3A1012F0000000000000000 /* ledger-types.swift in Sources */ = {isa = PBXBuildFile; fileRef = F3A1011F0000000000000000 /* ledger-types.swift */; };
		F3A1022F0000000000000000 /* ledger-sync-models.swift in Sources */ = {isa = PBXBuildFile; fileRef = F3A1021F0000000000000000 /* ledger-sync-models.swift */; };
		F3A1032F0000000000000000 /* ledger-schema.swift in Sources */ = {isa = PBXBuildFile; fileRef = F3A1031F0000000000000000 /* ledger-schema.swift */; };
		F3C002010000000000000000 /* ledger-lifecycle-tests.swift in Sources */ = {isa = PBXBuildFile; fileRef = F3C001010000000000000000 /* ledger-lifecycle-tests.swift */; };
		F3B002060000000000000000 /* storage-bootstrap-tests.swift in Sources */ = {isa = PBXBuildFile; fileRef = F3B001060000000000000000 /* storage-bootstrap-tests.swift */; };
		F3A000402F7C000000000000 /* storage-bootstrap.swift in Sources */ = {isa = PBXBuildFile; fileRef = F3A000401F7C000000000000 /* storage-bootstrap.swift */; };
		F3A000502F7C000000000000 /* storage-recovery-view.swift in Sources */ = {isa = PBXBuildFile; fileRef = F3A000501F7C000000000000 /* storage-recovery-view.swift */; };
		F3B002040000000000000000 /* ledger-test-support.swift in Sources */ = {isa = PBXBuildFile; fileRef = F3B001040000000000000000 /* ledger-test-support.swift */; };
		F3B002050000000000000000 /* baseline-store-tests.swift in Sources */ = {isa = PBXBuildFile; fileRef = F3B001050000000000000000 /* baseline-store-tests.swift */; };
		F3B002010000000000000000 /* money-value-tests.swift in Sources */ = {isa = PBXBuildFile; fileRef = F3B001010000000000000000 /* money-value-tests.swift */; };
		F3B002020000000000000000 /* amount-parser-tests.swift in Sources */ = {isa = PBXBuildFile; fileRef = F3B001020000000000000000 /* amount-parser-tests.swift */; };
		F3B002030000000000000000 /* transaction-input-segmenter-tests.swift in Sources */ = {isa = PBXBuildFile; fileRef = F3B001030000000000000000 /* transaction-input-segmenter-tests.swift */; };
		0C3AB58A07E99152FEEC66ED /* Formatters.swift in Sources */ = {isa = PBXBuildFile; fileRef = 5844717431ECED7BEAA309E7 /* Formatters.swift */; };
		F3A00102F7C0000000000000 /* money-value.swift in Sources */ = {isa = PBXBuildFile; fileRef = F3A00101F7C0000000000000 /* money-value.swift */; };
		F3A00202F7C0000000000000 /* amount-parser.swift in Sources */ = {isa = PBXBuildFile; fileRef = F3A00201F7C0000000000000 /* amount-parser.swift */; };
		F3A00302F7C0000000000000 /* transaction-input-segmenter.swift in Sources */ = {isa = PBXBuildFile; fileRef = F3A00301F7C0000000000000 /* transaction-input-segmenter.swift */; };
		29FB5F64D306B7E4B9BF5AD2 /* PINSetupView.swift in Sources */ = {isa = PBXBuildFile; fileRef = 9EDA09A5159D0B2235152E0C /* PINSetupView.swift */; };
		2DF5089CC33E0F083D402B83 /* SumItProducts.storekit in Resources */ = {isa = PBXBuildFile; fileRef = 7E06D7C52EA1214A2BB6C650 /* SumItProducts.storekit */; };
		3BD7F275C89F44AC8E3E1984 /* Log.swift in Sources */ = {isa = PBXBuildFile; fileRef = 7FB57AB428F3E8129335BFE6 /* Log.swift */; };
		47D417EC2CEE9591FAB98ED7 /* AppConfig.swift in Sources */ = {isa = PBXBuildFile; fileRef = 94EFE81EBB57B729389A0A2D /* AppConfig.swift */; };
		53841534F16310877EEB5A4E /* CategoryManager.swift in Sources */ = {isa = PBXBuildFile; fileRef = C57DC23250EB941654B339CC /* CategoryManager.swift */; };
		53F2547CD1980ECA45FD9A4B /* ImageProcessor.swift in Sources */ = {isa = PBXBuildFile; fileRef = 036909C11919C45EE7E76377 /* ImageProcessor.swift */; };
		8A6B8A88D53F811B10640A2D /* ProfileEditView.swift in Sources */ = {isa = PBXBuildFile; fileRef = 3217D442944D80BCC40429D1 /* ProfileEditView.swift */; };
		D62258B79197CF66B31E578A /* KeychainHelper.swift in Sources */ = {isa = PBXBuildFile; fileRef = 489A7FE199841D6B7D3AD379 /* KeychainHelper.swift */; };
		F31E90322F7C016F0034D0AF /* AppStore.swift in Sources */ = {isa = PBXBuildFile; fileRef = F31E90312F7C016F0034D0AF /* AppStore.swift */; };
		F31E90342F7C01980034D0AF /* LockScreenView.swift in Sources */ = {isa = PBXBuildFile; fileRef = F31E90332F7C01980034D0AF /* LockScreenView.swift */; };
		F31E90362F7C01BF0034D0AF /* SettingsView.swift in Sources */ = {isa = PBXBuildFile; fileRef = F31E90352F7C01BF0034D0AF /* SettingsView.swift */; };
		F31E90382F7C02000034D0AF /* AuthService.swift in Sources */ = {isa = PBXBuildFile; fileRef = F31E90372F7C02000034D0AF /* AuthService.swift */; };
		F31E903A2F7C03000034D0AF /* StoreKitManager.swift in Sources */ = {isa = PBXBuildFile; fileRef = F31E90392F7C03000034D0AF /* StoreKitManager.swift */; };
		F31E903C2F7C03100034D0AF /* PaywallView.swift in Sources */ = {isa = PBXBuildFile; fileRef = F31E903B2F7C03100034D0AF /* PaywallView.swift */; };
		F31E903E2F7C04000034D0AF /* Wallet.swift in Sources */ = {isa = PBXBuildFile; fileRef = F31E903D2F7C04000034D0AF /* Wallet.swift */; };
		F31E90402F7C04100034D0AF /* WalletViews.swift in Sources */ = {isa = PBXBuildFile; fileRef = F31E903F2F7C04100034D0AF /* WalletViews.swift */; };
		F31E90422F7C05000034D0AF /* LocalizationManager.swift in Sources */ = {isa = PBXBuildFile; fileRef = F31E90412F7C05000034D0AF /* LocalizationManager.swift */; };
		F321F0612F7BE03A0072D978 /* RootView.swift in Sources */ = {isa = PBXBuildFile; fileRef = F321F0602F7BE03A0072D978 /* RootView.swift */; };
		F321F0652F7BE0900072D978 /* ReportsView.swift in Sources */ = {isa = PBXBuildFile; fileRef = F321F0642F7BE0900072D978 /* ReportsView.swift */; };
		F321F0692F7BE0AC0072D978 /* ChatComposer.swift in Sources */ = {isa = PBXBuildFile; fileRef = F321F0662F7BE0AC0072D978 /* ChatComposer.swift */; };
		F321F06A2F7BE0AC0072D978 /* ConfirmationCard.swift in Sources */ = {isa = PBXBuildFile; fileRef = F321F0682F7BE0AC0072D978 /* ConfirmationCard.swift */; };
		F321F06B2F7BE0AC0072D978 /* ChatRootView.swift in Sources */ = {isa = PBXBuildFile; fileRef = F321F0672F7BE0AC0072D978 /* ChatRootView.swift */; };
		F321F0702F7BE0F60072D978 /* ChatViewModel.swift in Sources */ = {isa = PBXBuildFile; fileRef = F321F06F2F7BE0F60072D978 /* ChatViewModel.swift */; };
		F321F0762F7BE12B0072D978 /* VoiceInputManager.swift in Sources */ = {isa = PBXBuildFile; fileRef = F321F0752F7BE12B0072D978 /* VoiceInputManager.swift */; };
		F321F0782F7BE12B0072D978 /* CurrencyService.swift in Sources */ = {isa = PBXBuildFile; fileRef = F321F0732F7BE12B0072D978 /* CurrencyService.swift */; };
		F321F0792F7BE12B0072D978 /* BackendService.swift in Sources */ = {isa = PBXBuildFile; fileRef = F321F0722F7BE12B0072D978 /* BackendService.swift */; };
		F321F07A2F7BE12B0072D978 /* SupabaseService.swift in Sources */ = {isa = PBXBuildFile; fileRef = F321F0742F7BE12B0072D978 /* SupabaseService.swift */; };
		F321F07D2F7BE1430072D978 /* Models.swift in Sources */ = {isa = PBXBuildFile; fileRef = F321F07B2F7BE1430072D978 /* Models.swift */; };
		F321F07E2F7BE1430072D978 /* Transaction.swift in Sources */ = {isa = PBXBuildFile; fileRef = F321F07C2F7BE1430072D978 /* Transaction.swift */; };
		F32B11122F7457DC0087E901 /* SumItApp.swift in Sources */ = {isa = PBXBuildFile; fileRef = F32B11112F7457DC0087E901 /* SumItApp.swift */; };
		F32B11182F7457DE0087E901 /* Assets.xcassets in Resources */ = {isa = PBXBuildFile; fileRef = F32B11172F7457DE0087E901 /* Assets.xcassets */; };
		FA456E982EB2662EBE9C37DE /* SecurityHelper.swift in Sources */ = {isa = PBXBuildFile; fileRef = BF31B472B9C38E61B0FF5359 /* SecurityHelper.swift */; };
/* End PBXBuildFile section */

/* Begin PBXContainerItemProxy section */
		F3C0000B0000000000000000 /* PBXContainerItemProxy */ = {
			isa = PBXContainerItemProxy;
			containerPortal = F32B11062F7457DB0087E901 /* Project object */;
			proxyType = 1;
			remoteGlobalIDString = F32B110D2F7457DB0087E901;
			remoteInfo = SumIt;
		};
		F3B0000B0000000000000000 /* PBXContainerItemProxy */ = {
			isa = PBXContainerItemProxy;
			containerPortal = F32B11062F7457DB0087E901 /* Project object */;
			proxyType = 1;
			remoteGlobalIDString = F32B110D2F7457DB0087E901;
			remoteInfo = SumIt;
		};
/* End PBXContainerItemProxy section */

/* Begin PBXFileReference section */
		F3B0011D0000000000000000 /* report-valuation-tests.swift */ = {isa = PBXFileReference; includeInIndex = 1; lastKnownFileType = sourcecode.swift; path = "report-valuation-tests.swift"; sourceTree = "<group>"; };
		F3B0011C0000000000000000 /* valuation-tests.swift */ = {isa = PBXFileReference; includeInIndex = 1; lastKnownFileType = sourcecode.swift; path = "valuation-tests.swift"; sourceTree = "<group>"; };
		F3B0011B0000000000000000 /* report-valuation.swift */ = {isa = PBXFileReference; includeInIndex = 1; lastKnownFileType = sourcecode.swift; path = "report-valuation.swift"; sourceTree = "<group>"; };
		F3B0011A0000000000000000 /* rate-service.swift */ = {isa = PBXFileReference; includeInIndex = 1; lastKnownFileType = sourcecode.swift; path = "rate-service.swift"; sourceTree = "<group>"; };
		F3B001190000000000000000 /* parse-contract-tests.swift */ = {isa = PBXFileReference; includeInIndex = 1; lastKnownFileType = sourcecode.swift; path = "parse-contract-tests.swift"; sourceTree = "<group>"; };
		F3B001180000000000000000 /* parse-response-decoder.swift */ = {isa = PBXFileReference; includeInIndex = 1; lastKnownFileType = sourcecode.swift; path = "parse-response-decoder.swift"; sourceTree = "<group>"; };
		F3B001170000000000000000 /* ui-write-path-tests.swift */ = {isa = PBXFileReference; includeInIndex = 1; lastKnownFileType = sourcecode.swift; path = "ui-write-path-tests.swift"; sourceTree = "<group>"; };
		F3B001160000000000000000 /* transaction-edit-sheet.swift */ = {isa = PBXFileReference; includeInIndex = 1; lastKnownFileType = sourcecode.swift; path = "transaction-edit-sheet.swift"; sourceTree = "<group>"; };
		F3B001150000000000000000 /* transaction-editor.swift */ = {isa = PBXFileReference; includeInIndex = 1; lastKnownFileType = sourcecode.swift; path = "transaction-editor.swift"; sourceTree = "<group>"; };
		F3B001140000000000000000 /* ledger-error-copy.swift */ = {isa = PBXFileReference; includeInIndex = 1; lastKnownFileType = sourcecode.swift; path = "ledger-error-copy.swift"; sourceTree = "<group>"; };
		F3B001130000000000000000 /* ledger-model-bridge.swift */ = {isa = PBXFileReference; includeInIndex = 1; lastKnownFileType = sourcecode.swift; path = "ledger-model-bridge.swift"; sourceTree = "<group>"; };
		F3B001120000000000000000 /* parsed-transaction-draft.swift */ = {isa = PBXFileReference; includeInIndex = 1; lastKnownFileType = sourcecode.swift; path = "parsed-transaction-draft.swift"; sourceTree = "<group>"; };
		F3B001110000000000000000 /* sync-issues-view.swift */ = {isa = PBXFileReference; includeInIndex = 1; lastKnownFileType = sourcecode.swift; path = "sync-issues-view.swift"; sourceTree = "<group>"; };
		F3B001100000000000000000 /* ledger-conflict-tests.swift */ = {isa = PBXFileReference; includeInIndex = 1; lastKnownFileType = sourcecode.swift; path = "ledger-conflict-tests.swift"; sourceTree = "<group>"; };
		F3B0010F0000000000000000 /* account-scope-tests.swift */ = {isa = PBXFileReference; includeInIndex = 1; lastKnownFileType = sourcecode.swift; path = "account-scope-tests.swift"; sourceTree = "<group>"; };
		F3A1091F0000000000000000 /* ledger-scope.swift */ = {isa = PBXFileReference; includeInIndex = 1; lastKnownFileType = sourcecode.swift; path = "ledger-scope.swift"; sourceTree = "<group>"; };
		F3A1081F0000000000000000 /* ledger-conflict-resolution.swift */ = {isa = PBXFileReference; includeInIndex = 1; lastKnownFileType = sourcecode.swift; path = "ledger-conflict-resolution.swift"; sourceTree = "<group>"; };
		F3B0010E0000000000000000 /* ledger-restore-tests.swift */ = {isa = PBXFileReference; includeInIndex = 1; lastKnownFileType = sourcecode.swift; path = "ledger-restore-tests.swift"; sourceTree = "<group>"; };
		F3A1071F0000000000000000 /* ledger-pull-merge.swift */ = {isa = PBXFileReference; includeInIndex = 1; lastKnownFileType = sourcecode.swift; path = "ledger-pull-merge.swift"; sourceTree = "<group>"; };
		F3B0010D0000000000000000 /* ledger-push-tests.swift */ = {isa = PBXFileReference; includeInIndex = 1; lastKnownFileType = sourcecode.swift; path = "ledger-push-tests.swift"; sourceTree = "<group>"; };
		F3A1061F0000000000000000 /* ledger-sync-coordinator.swift */ = {isa = PBXFileReference; includeInIndex = 1; lastKnownFileType = sourcecode.swift; path = "ledger-sync-coordinator.swift"; sourceTree = "<group>"; };
		F3B0010C0000000000000000 /* supabase-transport-tests.swift */ = {isa = PBXFileReference; includeInIndex = 1; lastKnownFileType = sourcecode.swift; path = "supabase-transport-tests.swift"; sourceTree = "<group>"; };
		F3B0010B0000000000000000 /* ledger-store-tests.swift */ = {isa = PBXFileReference; includeInIndex = 1; lastKnownFileType = sourcecode.swift; path = "ledger-store-tests.swift"; sourceTree = "<group>"; };
		F3A1051F0000000000000000 /* ledger-store.swift */ = {isa = PBXFileReference; includeInIndex = 1; lastKnownFileType = sourcecode.swift; path = "ledger-store.swift"; sourceTree = "<group>"; };
		F3B0010A0000000000000000 /* chat-batch-tests.swift */ = {isa = PBXFileReference; includeInIndex = 1; lastKnownFileType = sourcecode.swift; path = "chat-batch-tests.swift"; sourceTree = "<group>"; };
		F3B001090000000000000000 /* wallet-ledger-tests.swift */ = {isa = PBXFileReference; includeInIndex = 1; lastKnownFileType = sourcecode.swift; path = "wallet-ledger-tests.swift"; sourceTree = "<group>"; };
		F3A1041F0000000000000000 /* wallet-ledger.swift */ = {isa = PBXFileReference; includeInIndex = 1; lastKnownFileType = sourcecode.swift; path = "wallet-ledger.swift"; sourceTree = "<group>"; };
		F3B001080000000000000000 /* ledger-coding-tests.swift */ = {isa = PBXFileReference; includeInIndex = 1; lastKnownFileType = sourcecode.swift; path = "ledger-coding-tests.swift"; sourceTree = "<group>"; };
		F3B001070000000000000000 /* ledger-schema-migration-tests.swift */ = {isa = PBXFileReference; includeInIndex = 1; lastKnownFileType = sourcecode.swift; path = "ledger-schema-migration-tests.swift"; sourceTree = "<group>"; };
		F3A1011F0000000000000000 /* ledger-types.swift */ = {isa = PBXFileReference; includeInIndex = 1; lastKnownFileType = sourcecode.swift; path = "ledger-types.swift"; sourceTree = "<group>"; };
		F3A1021F0000000000000000 /* ledger-sync-models.swift */ = {isa = PBXFileReference; includeInIndex = 1; lastKnownFileType = sourcecode.swift; path = "ledger-sync-models.swift"; sourceTree = "<group>"; };
		F3A1031F0000000000000000 /* ledger-schema.swift */ = {isa = PBXFileReference; includeInIndex = 1; lastKnownFileType = sourcecode.swift; path = "ledger-schema.swift"; sourceTree = "<group>"; };
		F3C001010000000000000000 /* ledger-lifecycle-tests.swift */ = {isa = PBXFileReference; includeInIndex = 1; lastKnownFileType = sourcecode.swift; path = "ledger-lifecycle-tests.swift"; sourceTree = "<group>"; };
		F3C000020000000000000000 /* SumItUITests.xctest */ = {isa = PBXFileReference; explicitFileType = wrapper.cfbundle; includeInIndex = 0; path = SumItUITests.xctest; sourceTree = BUILT_PRODUCTS_DIR; };
		F3B001060000000000000000 /* storage-bootstrap-tests.swift */ = {isa = PBXFileReference; includeInIndex = 1; lastKnownFileType = sourcecode.swift; path = "storage-bootstrap-tests.swift"; sourceTree = "<group>"; };
		F3A000401F7C000000000000 /* storage-bootstrap.swift */ = {isa = PBXFileReference; includeInIndex = 1; lastKnownFileType = sourcecode.swift; path = "storage-bootstrap.swift"; sourceTree = "<group>"; };
		F3A000501F7C000000000000 /* storage-recovery-view.swift */ = {isa = PBXFileReference; includeInIndex = 1; lastKnownFileType = sourcecode.swift; path = "storage-recovery-view.swift"; sourceTree = "<group>"; };
		F3B001040000000000000000 /* ledger-test-support.swift */ = {isa = PBXFileReference; includeInIndex = 1; lastKnownFileType = sourcecode.swift; path = "ledger-test-support.swift"; sourceTree = "<group>"; };
		F3B001050000000000000000 /* baseline-store-tests.swift */ = {isa = PBXFileReference; includeInIndex = 1; lastKnownFileType = sourcecode.swift; path = "baseline-store-tests.swift"; sourceTree = "<group>"; };
		F3B001010000000000000000 /* money-value-tests.swift */ = {isa = PBXFileReference; includeInIndex = 1; lastKnownFileType = sourcecode.swift; path = "money-value-tests.swift"; sourceTree = "<group>"; };
		F3B001020000000000000000 /* amount-parser-tests.swift */ = {isa = PBXFileReference; includeInIndex = 1; lastKnownFileType = sourcecode.swift; path = "amount-parser-tests.swift"; sourceTree = "<group>"; };
		F3B001030000000000000000 /* transaction-input-segmenter-tests.swift */ = {isa = PBXFileReference; includeInIndex = 1; lastKnownFileType = sourcecode.swift; path = "transaction-input-segmenter-tests.swift"; sourceTree = "<group>"; };
		F3B000020000000000000000 /* SumItTests.xctest */ = {isa = PBXFileReference; explicitFileType = wrapper.cfbundle; includeInIndex = 0; path = SumItTests.xctest; sourceTree = BUILT_PRODUCTS_DIR; };
		036909C11919C45EE7E76377 /* ImageProcessor.swift */ = {isa = PBXFileReference; includeInIndex = 1; lastKnownFileType = sourcecode.swift; path = ImageProcessor.swift; sourceTree = "<group>"; };
		0A537C8E765DC2C8000D6B44 /* SumIt.entitlements */ = {isa = PBXFileReference; includeInIndex = 1; lastKnownFileType = text.plist.entitlements; path = SumIt.entitlements; sourceTree = "<group>"; };
		3217D442944D80BCC40429D1 /* ProfileEditView.swift */ = {isa = PBXFileReference; includeInIndex = 1; lastKnownFileType = sourcecode.swift; path = ProfileEditView.swift; sourceTree = "<group>"; };
		489A7FE199841D6B7D3AD379 /* KeychainHelper.swift */ = {isa = PBXFileReference; includeInIndex = 1; lastKnownFileType = sourcecode.swift; path = KeychainHelper.swift; sourceTree = "<group>"; };
		5844717431ECED7BEAA309E7 /* Formatters.swift */ = {isa = PBXFileReference; includeInIndex = 1; lastKnownFileType = sourcecode.swift; path = Formatters.swift; sourceTree = "<group>"; };
		F3A00101F7C0000000000000 /* money-value.swift */ = {isa = PBXFileReference; includeInIndex = 1; lastKnownFileType = sourcecode.swift; path = "money-value.swift"; sourceTree = "<group>"; };
		F3A00201F7C0000000000000 /* amount-parser.swift */ = {isa = PBXFileReference; includeInIndex = 1; lastKnownFileType = sourcecode.swift; path = "amount-parser.swift"; sourceTree = "<group>"; };
		F3A00301F7C0000000000000 /* transaction-input-segmenter.swift */ = {isa = PBXFileReference; includeInIndex = 1; lastKnownFileType = sourcecode.swift; path = "transaction-input-segmenter.swift"; sourceTree = "<group>"; };
		7E06D7C52EA1214A2BB6C650 /* SumItProducts.storekit */ = {isa = PBXFileReference; includeInIndex = 1; path = SumItProducts.storekit; sourceTree = "<group>"; };
		7FB57AB428F3E8129335BFE6 /* Log.swift */ = {isa = PBXFileReference; includeInIndex = 1; lastKnownFileType = sourcecode.swift; path = Log.swift; sourceTree = "<group>"; };
		94EFE81EBB57B729389A0A2D /* AppConfig.swift */ = {isa = PBXFileReference; includeInIndex = 1; lastKnownFileType = sourcecode.swift; path = AppConfig.swift; sourceTree = "<group>"; };
		9EDA09A5159D0B2235152E0C /* PINSetupView.swift */ = {isa = PBXFileReference; includeInIndex = 1; lastKnownFileType = sourcecode.swift; path = PINSetupView.swift; sourceTree = "<group>"; };
		BF31B472B9C38E61B0FF5359 /* SecurityHelper.swift */ = {isa = PBXFileReference; includeInIndex = 1; lastKnownFileType = sourcecode.swift; path = SecurityHelper.swift; sourceTree = "<group>"; };
		C57DC23250EB941654B339CC /* CategoryManager.swift */ = {isa = PBXFileReference; includeInIndex = 1; lastKnownFileType = sourcecode.swift; path = CategoryManager.swift; sourceTree = "<group>"; };
		F31E90312F7C016F0034D0AF /* AppStore.swift */ = {isa = PBXFileReference; lastKnownFileType = sourcecode.swift; path = AppStore.swift; sourceTree = "<group>"; };
		F31E90332F7C01980034D0AF /* LockScreenView.swift */ = {isa = PBXFileReference; lastKnownFileType = sourcecode.swift; path = LockScreenView.swift; sourceTree = "<group>"; };
		F31E90352F7C01BF0034D0AF /* SettingsView.swift */ = {isa = PBXFileReference; lastKnownFileType = sourcecode.swift; path = SettingsView.swift; sourceTree = "<group>"; };
		F31E90372F7C02000034D0AF /* AuthService.swift */ = {isa = PBXFileReference; lastKnownFileType = sourcecode.swift; path = AuthService.swift; sourceTree = "<group>"; };
		F31E90392F7C03000034D0AF /* StoreKitManager.swift */ = {isa = PBXFileReference; lastKnownFileType = sourcecode.swift; path = StoreKitManager.swift; sourceTree = "<group>"; };
		F31E903B2F7C03100034D0AF /* PaywallView.swift */ = {isa = PBXFileReference; lastKnownFileType = sourcecode.swift; path = PaywallView.swift; sourceTree = "<group>"; };
		F31E903D2F7C04000034D0AF /* Wallet.swift */ = {isa = PBXFileReference; lastKnownFileType = sourcecode.swift; path = Wallet.swift; sourceTree = "<group>"; };
		F31E903F2F7C04100034D0AF /* WalletViews.swift */ = {isa = PBXFileReference; lastKnownFileType = sourcecode.swift; path = WalletViews.swift; sourceTree = "<group>"; };
		F31E90412F7C05000034D0AF /* LocalizationManager.swift */ = {isa = PBXFileReference; lastKnownFileType = sourcecode.swift; path = LocalizationManager.swift; sourceTree = "<group>"; };
		F321F0602F7BE03A0072D978 /* RootView.swift */ = {isa = PBXFileReference; lastKnownFileType = sourcecode.swift; path = RootView.swift; sourceTree = "<group>"; };
		F321F0642F7BE0900072D978 /* ReportsView.swift */ = {isa = PBXFileReference; lastKnownFileType = sourcecode.swift; path = ReportsView.swift; sourceTree = "<group>"; };
		F321F0662F7BE0AC0072D978 /* ChatComposer.swift */ = {isa = PBXFileReference; lastKnownFileType = sourcecode.swift; path = ChatComposer.swift; sourceTree = "<group>"; };
		F321F0672F7BE0AC0072D978 /* ChatRootView.swift */ = {isa = PBXFileReference; lastKnownFileType = sourcecode.swift; path = ChatRootView.swift; sourceTree = "<group>"; };
		F321F0682F7BE0AC0072D978 /* ConfirmationCard.swift */ = {isa = PBXFileReference; lastKnownFileType = sourcecode.swift; path = ConfirmationCard.swift; sourceTree = "<group>"; };
		F321F06F2F7BE0F60072D978 /* ChatViewModel.swift */ = {isa = PBXFileReference; lastKnownFileType = sourcecode.swift; path = ChatViewModel.swift; sourceTree = "<group>"; };
		F321F0722F7BE12B0072D978 /* BackendService.swift */ = {isa = PBXFileReference; lastKnownFileType = sourcecode.swift; path = BackendService.swift; sourceTree = "<group>"; };
		F321F0732F7BE12B0072D978 /* CurrencyService.swift */ = {isa = PBXFileReference; lastKnownFileType = sourcecode.swift; path = CurrencyService.swift; sourceTree = "<group>"; };
		F321F0742F7BE12B0072D978 /* SupabaseService.swift */ = {isa = PBXFileReference; lastKnownFileType = sourcecode.swift; path = SupabaseService.swift; sourceTree = "<group>"; };
		F321F0752F7BE12B0072D978 /* VoiceInputManager.swift */ = {isa = PBXFileReference; lastKnownFileType = sourcecode.swift; path = VoiceInputManager.swift; sourceTree = "<group>"; };
		F321F07B2F7BE1430072D978 /* Models.swift */ = {isa = PBXFileReference; lastKnownFileType = sourcecode.swift; path = Models.swift; sourceTree = "<group>"; };
		F321F07C2F7BE1430072D978 /* Transaction.swift */ = {isa = PBXFileReference; lastKnownFileType = sourcecode.swift; path = Transaction.swift; sourceTree = "<group>"; };
		F32B110E2F7457DB0087E901 /* SumIt.app */ = {isa = PBXFileReference; explicitFileType = wrapper.application; includeInIndex = 0; path = SumIt.app; sourceTree = BUILT_PRODUCTS_DIR; };
		F32B11112F7457DC0087E901 /* SumItApp.swift */ = {isa = PBXFileReference; lastKnownFileType = sourcecode.swift; path = SumItApp.swift; sourceTree = "<group>"; };
		F32B11172F7457DE0087E901 /* Assets.xcassets */ = {isa = PBXFileReference; lastKnownFileType = folder.assetcatalog; path = Assets.xcassets; sourceTree = "<group>"; };
/* End PBXFileReference section */

/* Begin PBXFrameworksBuildPhase section */
		F3C000050000000000000000 /* Frameworks */ = {
			isa = PBXFrameworksBuildPhase;
			buildActionMask = 2147483647;
			files = (
			);
			runOnlyForDeploymentPostprocessing = 0;
		};
		F3B000050000000000000000 /* Frameworks */ = {
			isa = PBXFrameworksBuildPhase;
			buildActionMask = 2147483647;
			files = (
			);
			runOnlyForDeploymentPostprocessing = 0;
		};
		F32B110B2F7457DB0087E901 /* Frameworks */ = {
			isa = PBXFrameworksBuildPhase;
			buildActionMask = 2147483647;
			files = (
			);
			runOnlyForDeploymentPostprocessing = 0;
		};
/* End PBXFrameworksBuildPhase section */

/* Begin PBXGroup section */
		F3C000030000000000000000 /* SumItUITests */ = {
			isa = PBXGroup;
			children = (
				F3C001010000000000000000 /* ledger-lifecycle-tests.swift */,
			);
			path = SumItUITests;
			sourceTree = "<group>";
		};
		F3B000030000000000000000 /* SumItTests */ = {
			isa = PBXGroup;
			children = (
				F3B001010000000000000000 /* money-value-tests.swift */,
				F3B0011D0000000000000000 /* report-valuation-tests.swift */,
				F3B0011C0000000000000000 /* valuation-tests.swift */,
				F3B001190000000000000000 /* parse-contract-tests.swift */,
				F3B001170000000000000000 /* ui-write-path-tests.swift */,
				F3B001100000000000000000 /* ledger-conflict-tests.swift */,
				F3B0010F0000000000000000 /* account-scope-tests.swift */,
				F3B0010E0000000000000000 /* ledger-restore-tests.swift */,
				F3B0010D0000000000000000 /* ledger-push-tests.swift */,
				F3B0010C0000000000000000 /* supabase-transport-tests.swift */,
				F3B0010B0000000000000000 /* ledger-store-tests.swift */,
				F3B0010A0000000000000000 /* chat-batch-tests.swift */,
				F3B001090000000000000000 /* wallet-ledger-tests.swift */,
				F3B001080000000000000000 /* ledger-coding-tests.swift */,
				F3B001070000000000000000 /* ledger-schema-migration-tests.swift */,
				F3B001060000000000000000 /* storage-bootstrap-tests.swift */,
				F3B001040000000000000000 /* ledger-test-support.swift */,
				F3B001050000000000000000 /* baseline-store-tests.swift */,
				F3B001020000000000000000 /* amount-parser-tests.swift */,
				F3B001030000000000000000 /* transaction-input-segmenter-tests.swift */,
			);
			path = SumItTests;
			sourceTree = "<group>";
		};
		F30FB7C92F752A8F00880078 /* Reports */ = {
			isa = PBXGroup;
			children = (
				F321F0642F7BE0900072D978 /* ReportsView.swift */,
			);
			path = Reports;
			sourceTree = "<group>";
		};
		F30FB7E82F75CD5400880078 /* Settings */ = {
			isa = PBXGroup;
			children = (
				F31E90352F7C01BF0034D0AF /* SettingsView.swift */,
				C57DC23250EB941654B339CC /* CategoryManager.swift */,
				3217D442944D80BCC40429D1 /* ProfileEditView.swift */,
				9EDA09A5159D0B2235152E0C /* PINSetupView.swift */,
			);
			path = Settings;
			sourceTree = "<group>";
		};
		F321F06D2F7BE0D50072D978 /* Auth */ = {
			isa = PBXGroup;
			children = (
				F31E90332F7C01980034D0AF /* LockScreenView.swift */,
			);
			path = Auth;
			sourceTree = "<group>";
		};
		F32B11052F7457DB0087E901 = {
			isa = PBXGroup;
			children = (
				F32B111E2F7459C10087E901 /* SumIt */,
				F3B000030000000000000000 /* SumItTests */,
				F3C000030000000000000000 /* SumItUITests */,
				F32B110F2F7457DB0087E901 /* Products */,
			);
			sourceTree = "<group>";
		};
		F32B110F2F7457DB0087E901 /* Products */ = {
			isa = PBXGroup;
			children = (
				F32B110E2F7457DB0087E901 /* SumIt.app */,
				F3B000020000000000000000 /* SumItTests.xctest */,
				F3C000020000000000000000 /* SumItUITests.xctest */,
			);
			name = Products;
			sourceTree = "<group>";
		};
		F32B111E2F7459C10087E901 /* SumIt */ = {
			isa = PBXGroup;
			children = (
				F32B11232F745B160087E901 /* Views */,
				F32B11222F745B0F0087E901 /* ViewModels */,
				F32B11212F745B060087E901 /* Services */,
				F32B111F2F745AC30087E901 /* Models */,
				F32B11172F7457DE0087E901 /* Assets.xcassets */,
				F32B11112F7457DC0087E901 /* SumItApp.swift */,
				7E06D7C52EA1214A2BB6C650 /* SumItProducts.storekit */,
				0A537C8E765DC2C8000D6B44 /* SumIt.entitlements */,
			);
			path = SumIt;
			sourceTree = "<group>";
		};
		F32B111F2F745AC30087E901 /* Models */ = {
			isa = PBXGroup;
			children = (
				F3A1011F0000000000000000 /* ledger-types.swift */,
				F3A1021F0000000000000000 /* ledger-sync-models.swift */,
				F3A1031F0000000000000000 /* ledger-schema.swift */,
				F321F07B2F7BE1430072D978 /* Models.swift */,
				F321F07C2F7BE1430072D978 /* Transaction.swift */,
				F31E903D2F7C04000034D0AF /* Wallet.swift */,
			);
			path = Models;
			sourceTree = "<group>";
		};
		F32B11212F745B060087E901 /* Services */ = {
			isa = PBXGroup;
			children = (
				F31E90312F7C016F0034D0AF /* AppStore.swift */,
				F31E90372F7C02000034D0AF /* AuthService.swift */,
				F31E90392F7C03000034D0AF /* StoreKitManager.swift */,
				F31E90412F7C05000034D0AF /* LocalizationManager.swift */,
				F321F0722F7BE12B0072D978 /* BackendService.swift */,
				F321F0732F7BE12B0072D978 /* CurrencyService.swift */,
				F321F0742F7BE12B0072D978 /* SupabaseService.swift */,
				F321F0752F7BE12B0072D978 /* VoiceInputManager.swift */,
				BF31B472B9C38E61B0FF5359 /* SecurityHelper.swift */,
				489A7FE199841D6B7D3AD379 /* KeychainHelper.swift */,
				7FB57AB428F3E8129335BFE6 /* Log.swift */,
				036909C11919C45EE7E76377 /* ImageProcessor.swift */,
				5844717431ECED7BEAA309E7 /* Formatters.swift */,
				94EFE81EBB57B729389A0A2D /* AppConfig.swift */,
				F3A1091F0000000000000000 /* ledger-scope.swift */,
				F3A1081F0000000000000000 /* ledger-conflict-resolution.swift */,
				F3A1071F0000000000000000 /* ledger-pull-merge.swift */,
				F3A1061F0000000000000000 /* ledger-sync-coordinator.swift */,
				F3A1051F0000000000000000 /* ledger-store.swift */,
				F3A1041F0000000000000000 /* wallet-ledger.swift */,
				F3B0011B0000000000000000 /* report-valuation.swift */,
				F3B0011A0000000000000000 /* rate-service.swift */,
				F3B001180000000000000000 /* parse-response-decoder.swift */,
				F3B001150000000000000000 /* transaction-editor.swift */,
				F3B001140000000000000000 /* ledger-error-copy.swift */,
				F3B001130000000000000000 /* ledger-model-bridge.swift */,
				F3B001120000000000000000 /* parsed-transaction-draft.swift */,
				F3A000401F7C000000000000 /* storage-bootstrap.swift */,
				F3A00101F7C0000000000000 /* money-value.swift */,
				F3A00201F7C0000000000000 /* amount-parser.swift */,
				F3A00301F7C0000000000000 /* transaction-input-segmenter.swift */,
			);
			path = Services;
			sourceTree = "<group>";
		};
		F32B11222F745B0F0087E901 /* ViewModels */ = {
			isa = PBXGroup;
			children = (
				F321F06F2F7BE0F60072D978 /* ChatViewModel.swift */,
			);
			path = ViewModels;
			sourceTree = "<group>";
		};
		F32B11232F745B160087E901 /* Views */ = {
			isa = PBXGroup;
			children = (
				F321F0602F7BE03A0072D978 /* RootView.swift */,
				F31E903B2F7C03100034D0AF /* PaywallView.swift */,
				F31E903F2F7C04100034D0AF /* WalletViews.swift */,
				F3A000501F7C000000000000 /* storage-recovery-view.swift */,
				F3B001160000000000000000 /* transaction-edit-sheet.swift */,
				F3B001110000000000000000 /* sync-issues-view.swift */,
				F321F06D2F7BE0D50072D978 /* Auth */,
				F30FB7E82F75CD5400880078 /* Settings */,
				F30FB7C92F752A8F00880078 /* Reports */,
				F32B11242F745B280087E901 /* Chat */,
			);
			path = Views;
			sourceTree = "<group>";
		};
		F32B11242F745B280087E901 /* Chat */ = {
			isa = PBXGroup;
			children = (
				F321F0662F7BE0AC0072D978 /* ChatComposer.swift */,
				F321F0672F7BE0AC0072D978 /* ChatRootView.swift */,
				F321F0682F7BE0AC0072D978 /* ConfirmationCard.swift */,
			);
			path = Chat;
			sourceTree = "<group>";
		};
/* End PBXGroup section */

/* Begin PBXNativeTarget section */
		F3C000010000000000000000 /* SumItUITests */ = {
			isa = PBXNativeTarget;
			buildConfigurationList = F3C000070000000000000000 /* Build configuration list for PBXNativeTarget "SumItUITests" */;
			buildPhases = (
				F3C000040000000000000000 /* Sources */,
				F3C000050000000000000000 /* Frameworks */,
				F3C000060000000000000000 /* Resources */,
			);
			buildRules = (
			);
			dependencies = (
				F3C0000A0000000000000000 /* PBXTargetDependency */,
			);
			name = SumItUITests;
			productName = SumItUITests;
			productReference = F3C000020000000000000000 /* SumItUITests.xctest */;
			productType = "com.apple.product-type.bundle.ui-testing";
		};
		F3B000010000000000000000 /* SumItTests */ = {
			isa = PBXNativeTarget;
			buildConfigurationList = F3B000070000000000000000 /* Build configuration list for PBXNativeTarget "SumItTests" */;
			buildPhases = (
				F3B000040000000000000000 /* Sources */,
				F3B000050000000000000000 /* Frameworks */,
				F3B000060000000000000000 /* Resources */,
			);
			buildRules = (
			);
			dependencies = (
				F3B0000A0000000000000000 /* PBXTargetDependency */,
			);
			name = SumItTests;
			productName = SumItTests;
			productReference = F3B000020000000000000000 /* SumItTests.xctest */;
			productType = "com.apple.product-type.bundle.unit-test";
		};
		F32B110D2F7457DB0087E901 /* SumIt */ = {
			isa = PBXNativeTarget;
			buildConfigurationList = F32B111B2F7457DE0087E901 /* Build configuration list for PBXNativeTarget "SumIt" */;
			buildPhases = (
				F32B110A2F7457DB0087E901 /* Sources */,
				F32B110B2F7457DB0087E901 /* Frameworks */,
				F32B110C2F7457DB0087E901 /* Resources */,
			);
			buildRules = (
			);
			dependencies = (
			);
			name = SumIt;
			productName = SumIt;
			productReference = F32B110E2F7457DB0087E901 /* SumIt.app */;
			productType = "com.apple.product-type.application";
		};
/* End PBXNativeTarget section */

/* Begin PBXProject section */
		F32B11062F7457DB0087E901 /* Project object */ = {
			isa = PBXProject;
			attributes = {
				BuildIndependentTargetsInParallel = 1;
				LastSwiftUpdateCheck = 2640;
				LastUpgradeCheck = 2640;
				TargetAttributes = {
					F32B110D2F7457DB0087E901 = {
						CreatedOnToolsVersion = 26.4;
					};
					F3B000010000000000000000 = {
						CreatedOnToolsVersion = 26.6;
						TestTargetID = F32B110D2F7457DB0087E901;
					};
					F3C000010000000000000000 = {
						CreatedOnToolsVersion = 26.6;
						TestTargetID = F32B110D2F7457DB0087E901;
					};
				};
			};
			buildConfigurationList = F32B11092F7457DB0087E901 /* Build configuration list for PBXProject "SumIt" */;
			developmentRegion = en;
			hasScannedForEncodings = 0;
			knownRegions = (
				en,
				Base,
			);
			mainGroup = F32B11052F7457DB0087E901;
			minimizedProjectReferenceProxies = 1;
			preferredProjectObjectVersion = 77;
			productRefGroup = F32B110F2F7457DB0087E901 /* Products */;
			projectDirPath = "";
			projectRoot = "";
			targets = (
				F32B110D2F7457DB0087E901 /* SumIt */,
				F3B000010000000000000000 /* SumItTests */,
				F3C000010000000000000000 /* SumItUITests */,
			);
		};
/* End PBXProject section */

/* Begin PBXResourcesBuildPhase section */
		F3C000060000000000000000 /* Resources */ = {
			isa = PBXResourcesBuildPhase;
			buildActionMask = 2147483647;
			files = (
			);
			runOnlyForDeploymentPostprocessing = 0;
		};
		F3B000060000000000000000 /* Resources */ = {
			isa = PBXResourcesBuildPhase;
			buildActionMask = 2147483647;
			files = (
			);
			runOnlyForDeploymentPostprocessing = 0;
		};
		F32B110C2F7457DB0087E901 /* Resources */ = {
			isa = PBXResourcesBuildPhase;
			buildActionMask = 2147483647;
			files = (
				F32B11182F7457DE0087E901 /* Assets.xcassets in Resources */,
				2DF5089CC33E0F083D402B83 /* SumItProducts.storekit in Resources */,
			);
			runOnlyForDeploymentPostprocessing = 0;
		};
/* End PBXResourcesBuildPhase section */

/* Begin PBXSourcesBuildPhase section */
		F3C000040000000000000000 /* Sources */ = {
			isa = PBXSourcesBuildPhase;
			buildActionMask = 2147483647;
			files = (
				F3C002010000000000000000 /* ledger-lifecycle-tests.swift in Sources */,
			);
			runOnlyForDeploymentPostprocessing = 0;
		};
		F3B000040000000000000000 /* Sources */ = {
			isa = PBXSourcesBuildPhase;
			buildActionMask = 2147483647;
			files = (
				F3B002010000000000000000 /* money-value-tests.swift in Sources */,
				F3B0021D0000000000000000 /* report-valuation-tests.swift in Sources */,
				F3B0021C0000000000000000 /* valuation-tests.swift in Sources */,
				F3B002190000000000000000 /* parse-contract-tests.swift in Sources */,
				F3B002170000000000000000 /* ui-write-path-tests.swift in Sources */,
				F3B002100000000000000000 /* ledger-conflict-tests.swift in Sources */,
				F3B0020F0000000000000000 /* account-scope-tests.swift in Sources */,
				F3B0020E0000000000000000 /* ledger-restore-tests.swift in Sources */,
				F3B0020D0000000000000000 /* ledger-push-tests.swift in Sources */,
				F3B0020C0000000000000000 /* supabase-transport-tests.swift in Sources */,
				F3B0020B0000000000000000 /* ledger-store-tests.swift in Sources */,
				F3B0020A0000000000000000 /* chat-batch-tests.swift in Sources */,
				F3B002090000000000000000 /* wallet-ledger-tests.swift in Sources */,
				F3B002080000000000000000 /* ledger-coding-tests.swift in Sources */,
				F3B002070000000000000000 /* ledger-schema-migration-tests.swift in Sources */,
				F3B002060000000000000000 /* storage-bootstrap-tests.swift in Sources */,
				F3B002040000000000000000 /* ledger-test-support.swift in Sources */,
				F3B002050000000000000000 /* baseline-store-tests.swift in Sources */,
				F3B002020000000000000000 /* amount-parser-tests.swift in Sources */,
				F3B002030000000000000000 /* transaction-input-segmenter-tests.swift in Sources */,
			);
			runOnlyForDeploymentPostprocessing = 0;
		};
		F32B110A2F7457DB0087E901 /* Sources */ = {
			isa = PBXSourcesBuildPhase;
			buildActionMask = 2147483647;
			files = (
				F321F07D2F7BE1430072D978 /* Models.swift in Sources */,
				F321F07E2F7BE1430072D978 /* Transaction.swift in Sources */,
				F321F0652F7BE0900072D978 /* ReportsView.swift in Sources */,
				F321F0692F7BE0AC0072D978 /* ChatComposer.swift in Sources */,
				F321F06A2F7BE0AC0072D978 /* ConfirmationCard.swift in Sources */,
				F31E90362F7C01BF0034D0AF /* SettingsView.swift in Sources */,
				F321F06B2F7BE0AC0072D978 /* ChatRootView.swift in Sources */,
				F31E90322F7C016F0034D0AF /* AppStore.swift in Sources */,
				F31E90382F7C02000034D0AF /* AuthService.swift in Sources */,
				F31E903A2F7C03000034D0AF /* StoreKitManager.swift in Sources */,
				F31E903C2F7C03100034D0AF /* PaywallView.swift in Sources */,
				F31E903E2F7C04000034D0AF /* Wallet.swift in Sources */,
				F31E90402F7C04100034D0AF /* WalletViews.swift in Sources */,
				F31E90422F7C05000034D0AF /* LocalizationManager.swift in Sources */,
				F321F0702F7BE0F60072D978 /* ChatViewModel.swift in Sources */,
				F32B11122F7457DC0087E901 /* SumItApp.swift in Sources */,
				F321F0612F7BE03A0072D978 /* RootView.swift in Sources */,
				F31E90342F7C01980034D0AF /* LockScreenView.swift in Sources */,
				F321F0762F7BE12B0072D978 /* VoiceInputManager.swift in Sources */,
				F321F0782F7BE12B0072D978 /* CurrencyService.swift in Sources */,
				F321F0792F7BE12B0072D978 /* BackendService.swift in Sources */,
				F321F07A2F7BE12B0072D978 /* SupabaseService.swift in Sources */,
				53841534F16310877EEB5A4E /* CategoryManager.swift in Sources */,
				8A6B8A88D53F811B10640A2D /* ProfileEditView.swift in Sources */,
				29FB5F64D306B7E4B9BF5AD2 /* PINSetupView.swift in Sources */,
				FA456E982EB2662EBE9C37DE /* SecurityHelper.swift in Sources */,
				D62258B79197CF66B31E578A /* KeychainHelper.swift in Sources */,
				3BD7F275C89F44AC8E3E1984 /* Log.swift in Sources */,
				53F2547CD1980ECA45FD9A4B /* ImageProcessor.swift in Sources */,
				0C3AB58A07E99152FEEC66ED /* Formatters.swift in Sources */,
				F3A1092F0000000000000000 /* ledger-scope.swift in Sources */,
				F3A1082F0000000000000000 /* ledger-conflict-resolution.swift in Sources */,
				F3A1072F0000000000000000 /* ledger-pull-merge.swift in Sources */,
				F3A1062F0000000000000000 /* ledger-sync-coordinator.swift in Sources */,
				F3A1052F0000000000000000 /* ledger-store.swift in Sources */,
				F3A1042F0000000000000000 /* wallet-ledger.swift in Sources */,
				F3B0021B0000000000000000 /* report-valuation.swift in Sources */,
				F3B0021A0000000000000000 /* rate-service.swift in Sources */,
				F3B002180000000000000000 /* parse-response-decoder.swift in Sources */,
				F3B002150000000000000000 /* transaction-editor.swift in Sources */,
				F3B002140000000000000000 /* ledger-error-copy.swift in Sources */,
				F3B002120000000000000000 /* parsed-transaction-draft.swift in Sources */,
				F3B002130000000000000000 /* ledger-model-bridge.swift in Sources */,
				F3A1012F0000000000000000 /* ledger-types.swift in Sources */,
				F3A1022F0000000000000000 /* ledger-sync-models.swift in Sources */,
				F3A1032F0000000000000000 /* ledger-schema.swift in Sources */,
				F3A000402F7C000000000000 /* storage-bootstrap.swift in Sources */,
				F3A000502F7C000000000000 /* storage-recovery-view.swift in Sources */,
				F3B002160000000000000000 /* transaction-edit-sheet.swift in Sources */,
				F3B002110000000000000000 /* sync-issues-view.swift in Sources */,
				F3A00102F7C0000000000000 /* money-value.swift in Sources */,
				F3A00202F7C0000000000000 /* amount-parser.swift in Sources */,
				F3A00302F7C0000000000000 /* transaction-input-segmenter.swift in Sources */,
				47D417EC2CEE9591FAB98ED7 /* AppConfig.swift in Sources */,
			);
			runOnlyForDeploymentPostprocessing = 0;
		};
/* End PBXSourcesBuildPhase section */

/* Begin PBXTargetDependency section */
		F3C0000A0000000000000000 /* PBXTargetDependency */ = {
			isa = PBXTargetDependency;
			target = F32B110D2F7457DB0087E901 /* SumIt */;
			targetProxy = F3C0000B0000000000000000 /* PBXContainerItemProxy */;
		};
		F3B0000A0000000000000000 /* PBXTargetDependency */ = {
			isa = PBXTargetDependency;
			target = F32B110D2F7457DB0087E901 /* SumIt */;
			targetProxy = F3B0000B0000000000000000 /* PBXContainerItemProxy */;
		};
/* End PBXTargetDependency section */

/* Begin XCBuildConfiguration section */
		F3C000080000000000000000 /* Debug */ = {
			isa = XCBuildConfiguration;
			buildSettings = {
				ALWAYS_EMBED_SWIFT_STANDARD_LIBRARIES = YES;
				CODE_SIGN_STYLE = Automatic;
				CURRENT_PROJECT_VERSION = 1;
				DEVELOPMENT_TEAM = J98SU5UHZZ;
				GENERATE_INFOPLIST_FILE = YES;
				MARKETING_VERSION = 1.3;
				PRODUCT_BUNDLE_IDENTIFIER = com.mykyta.SumIt.uitests;
				PRODUCT_NAME = "$(TARGET_NAME)";
				SWIFT_APPROACHABLE_CONCURRENCY = YES;
				SWIFT_DEFAULT_ACTOR_ISOLATION = MainActor;
				SWIFT_EMIT_LOC_STRINGS = NO;
				SWIFT_UPCOMING_FEATURE_MEMBER_IMPORT_VISIBILITY = YES;
				SWIFT_VERSION = 5.0;
				TARGETED_DEVICE_FAMILY = "1,2";
				TEST_TARGET_NAME = SumIt;
			};
			name = Debug;
		};
		F3C000090000000000000000 /* Release */ = {
			isa = XCBuildConfiguration;
			buildSettings = {
				ALWAYS_EMBED_SWIFT_STANDARD_LIBRARIES = YES;
				CODE_SIGN_STYLE = Automatic;
				CURRENT_PROJECT_VERSION = 1;
				DEVELOPMENT_TEAM = J98SU5UHZZ;
				GENERATE_INFOPLIST_FILE = YES;
				MARKETING_VERSION = 1.3;
				PRODUCT_BUNDLE_IDENTIFIER = com.mykyta.SumIt.uitests;
				PRODUCT_NAME = "$(TARGET_NAME)";
				SWIFT_APPROACHABLE_CONCURRENCY = YES;
				SWIFT_DEFAULT_ACTOR_ISOLATION = MainActor;
				SWIFT_EMIT_LOC_STRINGS = NO;
				SWIFT_UPCOMING_FEATURE_MEMBER_IMPORT_VISIBILITY = YES;
				SWIFT_VERSION = 5.0;
				TARGETED_DEVICE_FAMILY = "1,2";
				TEST_TARGET_NAME = SumIt;
			};
			name = Release;
		};
		F3B000080000000000000000 /* Debug */ = {
			isa = XCBuildConfiguration;
			buildSettings = {
				ALWAYS_EMBED_SWIFT_STANDARD_LIBRARIES = YES;
				BUNDLE_LOADER = "$(TEST_HOST)";
				CODE_SIGN_STYLE = Automatic;
				CURRENT_PROJECT_VERSION = 1;
				DEVELOPMENT_TEAM = J98SU5UHZZ;
				GENERATE_INFOPLIST_FILE = YES;
				MARKETING_VERSION = 1.3;
				PRODUCT_BUNDLE_IDENTIFIER = com.mykyta.SumIt.tests;
				PRODUCT_NAME = "$(TARGET_NAME)";
				SWIFT_APPROACHABLE_CONCURRENCY = YES;
				SWIFT_DEFAULT_ACTOR_ISOLATION = MainActor;
				SWIFT_EMIT_LOC_STRINGS = NO;
				SWIFT_UPCOMING_FEATURE_MEMBER_IMPORT_VISIBILITY = YES;
				SWIFT_VERSION = 5.0;
				TARGETED_DEVICE_FAMILY = "1,2";
				TEST_HOST = "$(BUILT_PRODUCTS_DIR)/SumIt.app/$(BUNDLE_EXECUTABLE_FOLDER_PATH)/SumIt";
			};
			name = Debug;
		};
		F3B000090000000000000000 /* Release */ = {
			isa = XCBuildConfiguration;
			buildSettings = {
				ALWAYS_EMBED_SWIFT_STANDARD_LIBRARIES = YES;
				BUNDLE_LOADER = "$(TEST_HOST)";
				CODE_SIGN_STYLE = Automatic;
				CURRENT_PROJECT_VERSION = 1;
				DEVELOPMENT_TEAM = J98SU5UHZZ;
				GENERATE_INFOPLIST_FILE = YES;
				MARKETING_VERSION = 1.3;
				PRODUCT_BUNDLE_IDENTIFIER = com.mykyta.SumIt.tests;
				PRODUCT_NAME = "$(TARGET_NAME)";
				SWIFT_APPROACHABLE_CONCURRENCY = YES;
				SWIFT_DEFAULT_ACTOR_ISOLATION = MainActor;
				SWIFT_EMIT_LOC_STRINGS = NO;
				SWIFT_UPCOMING_FEATURE_MEMBER_IMPORT_VISIBILITY = YES;
				SWIFT_VERSION = 5.0;
				TARGETED_DEVICE_FAMILY = "1,2";
				TEST_HOST = "$(BUILT_PRODUCTS_DIR)/SumIt.app/$(BUNDLE_EXECUTABLE_FOLDER_PATH)/SumIt";
			};
			name = Release;
		};
		F32B11192F7457DE0087E901 /* Debug */ = {
			isa = XCBuildConfiguration;
			buildSettings = {
				ALWAYS_SEARCH_USER_PATHS = NO;
				ASSETCATALOG_COMPILER_GENERATE_SWIFT_ASSET_SYMBOL_EXTENSIONS = YES;
				CLANG_ANALYZER_NONNULL = YES;
				CLANG_ANALYZER_NUMBER_OBJECT_CONVERSION = YES_AGGRESSIVE;
				CLANG_CXX_LANGUAGE_STANDARD = "gnu++20";
				CLANG_ENABLE_MODULES = YES;
				CLANG_ENABLE_OBJC_ARC = YES;
				CLANG_ENABLE_OBJC_WEAK = YES;
				CLANG_WARN_BLOCK_CAPTURE_AUTORELEASING = YES;
				CLANG_WARN_BOOL_CONVERSION = YES;
				CLANG_WARN_COMMA = YES;
				CLANG_WARN_CONSTANT_CONVERSION = YES;
				CLANG_WARN_DEPRECATED_OBJC_IMPLEMENTATIONS = YES;
				CLANG_WARN_DIRECT_OBJC_ISA_USAGE = YES_ERROR;
				CLANG_WARN_DOCUMENTATION_COMMENTS = YES;
				CLANG_WARN_EMPTY_BODY = YES;
				CLANG_WARN_ENUM_CONVERSION = YES;
				CLANG_WARN_INFINITE_RECURSION = YES;
				CLANG_WARN_INT_CONVERSION = YES;
				CLANG_WARN_NON_LITERAL_NULL_CONVERSION = YES;
				CLANG_WARN_OBJC_IMPLICIT_RETAIN_SELF = YES;
				CLANG_WARN_OBJC_LITERAL_CONVERSION = YES;
				CLANG_WARN_OBJC_ROOT_CLASS = YES_ERROR;
				CLANG_WARN_QUOTED_INCLUDE_IN_FRAMEWORK_HEADER = YES;
				CLANG_WARN_RANGE_LOOP_ANALYSIS = YES;
				CLANG_WARN_STRICT_PROTOTYPES = YES;
				CLANG_WARN_SUSPICIOUS_MOVE = YES;
				CLANG_WARN_UNGUARDED_AVAILABILITY = YES_AGGRESSIVE;
				CLANG_WARN_UNREACHABLE_CODE = YES;
				CLANG_WARN__DUPLICATE_METHOD_MATCH = YES;
				COPY_PHASE_STRIP = NO;
				DEBUG_INFORMATION_FORMAT = dwarf;
				DEVELOPMENT_TEAM = J98SU5UHZZ;
				ENABLE_STRICT_OBJC_MSGSEND = YES;
				ENABLE_TESTABILITY = YES;
				ENABLE_USER_SCRIPT_SANDBOXING = YES;
				GCC_C_LANGUAGE_STANDARD = gnu17;
				GCC_DYNAMIC_NO_PIC = NO;
				GCC_NO_COMMON_BLOCKS = YES;
				GCC_OPTIMIZATION_LEVEL = 0;
				GCC_PREPROCESSOR_DEFINITIONS = (
					"DEBUG=1",
					"$(inherited)",
				);
				GCC_WARN_64_TO_32_BIT_CONVERSION = YES;
				GCC_WARN_ABOUT_RETURN_TYPE = YES_ERROR;
				GCC_WARN_UNDECLARED_SELECTOR = YES;
				GCC_WARN_UNINITIALIZED_AUTOS = YES_AGGRESSIVE;
				GCC_WARN_UNUSED_FUNCTION = YES;
				GCC_WARN_UNUSED_VARIABLE = YES;
				IPHONEOS_DEPLOYMENT_TARGET = 17.0;
				LOCALIZATION_PREFERS_STRING_CATALOGS = YES;
				MTL_ENABLE_DEBUG_INFO = INCLUDE_SOURCE;
				MTL_FAST_MATH = YES;
				ONLY_ACTIVE_ARCH = YES;
				SDKROOT = iphoneos;
				SWIFT_ACTIVE_COMPILATION_CONDITIONS = "DEBUG $(inherited)";
				SWIFT_OPTIMIZATION_LEVEL = "-Onone";
			};
			name = Debug;
		};
		F32B111A2F7457DE0087E901 /* Release */ = {
			isa = XCBuildConfiguration;
			buildSettings = {
				ALWAYS_SEARCH_USER_PATHS = NO;
				ASSETCATALOG_COMPILER_GENERATE_SWIFT_ASSET_SYMBOL_EXTENSIONS = YES;
				CLANG_ANALYZER_NONNULL = YES;
				CLANG_ANALYZER_NUMBER_OBJECT_CONVERSION = YES_AGGRESSIVE;
				CLANG_CXX_LANGUAGE_STANDARD = "gnu++20";
				CLANG_ENABLE_MODULES = YES;
				CLANG_ENABLE_OBJC_ARC = YES;
				CLANG_ENABLE_OBJC_WEAK = YES;
				CLANG_WARN_BLOCK_CAPTURE_AUTORELEASING = YES;
				CLANG_WARN_BOOL_CONVERSION = YES;
				CLANG_WARN_COMMA = YES;
				CLANG_WARN_CONSTANT_CONVERSION = YES;
				CLANG_WARN_DEPRECATED_OBJC_IMPLEMENTATIONS = YES;
				CLANG_WARN_DIRECT_OBJC_ISA_USAGE = YES_ERROR;
				CLANG_WARN_DOCUMENTATION_COMMENTS = YES;
				CLANG_WARN_EMPTY_BODY = YES;
				CLANG_WARN_ENUM_CONVERSION = YES;
				CLANG_WARN_INFINITE_RECURSION = YES;
				CLANG_WARN_INT_CONVERSION = YES;
				CLANG_WARN_NON_LITERAL_NULL_CONVERSION = YES;
				CLANG_WARN_OBJC_IMPLICIT_RETAIN_SELF = YES;
				CLANG_WARN_OBJC_LITERAL_CONVERSION = YES;
				CLANG_WARN_OBJC_ROOT_CLASS = YES_ERROR;
				CLANG_WARN_QUOTED_INCLUDE_IN_FRAMEWORK_HEADER = YES;
				CLANG_WARN_RANGE_LOOP_ANALYSIS = YES;
				CLANG_WARN_STRICT_PROTOTYPES = YES;
				CLANG_WARN_SUSPICIOUS_MOVE = YES;
				CLANG_WARN_UNGUARDED_AVAILABILITY = YES_AGGRESSIVE;
				CLANG_WARN_UNREACHABLE_CODE = YES;
				CLANG_WARN__DUPLICATE_METHOD_MATCH = YES;
				COPY_PHASE_STRIP = NO;
				DEBUG_INFORMATION_FORMAT = "dwarf-with-dsym";
				DEVELOPMENT_TEAM = J98SU5UHZZ;
				ENABLE_NS_ASSERTIONS = NO;
				ENABLE_STRICT_OBJC_MSGSEND = YES;
				ENABLE_USER_SCRIPT_SANDBOXING = YES;
				GCC_C_LANGUAGE_STANDARD = gnu17;
				GCC_NO_COMMON_BLOCKS = YES;
				GCC_WARN_64_TO_32_BIT_CONVERSION = YES;
				GCC_WARN_ABOUT_RETURN_TYPE = YES_ERROR;
				GCC_WARN_UNDECLARED_SELECTOR = YES;
				GCC_WARN_UNINITIALIZED_AUTOS = YES_AGGRESSIVE;
				GCC_WARN_UNUSED_FUNCTION = YES;
				GCC_WARN_UNUSED_VARIABLE = YES;
				IPHONEOS_DEPLOYMENT_TARGET = 17.0;
				LOCALIZATION_PREFERS_STRING_CATALOGS = YES;
				MTL_ENABLE_DEBUG_INFO = NO;
				MTL_FAST_MATH = YES;
				SDKROOT = iphoneos;
				SWIFT_COMPILATION_MODE = wholemodule;
				VALIDATE_PRODUCT = YES;
			};
			name = Release;
		};
		F32B111C2F7457DE0087E901 /* Debug */ = {
			isa = XCBuildConfiguration;
			buildSettings = {
				ASSETCATALOG_COMPILER_APPICON_NAME = AppIcon;
				ASSETCATALOG_COMPILER_GLOBAL_ACCENT_COLOR_NAME = AccentColor;
				CODE_SIGN_ENTITLEMENTS = SumIt/SumIt.entitlements;
				CODE_SIGN_IDENTITY = "Apple Development";
				CODE_SIGN_STYLE = Automatic;
				CURRENT_PROJECT_VERSION = 1;
				DEVELOPMENT_TEAM = J98SU5UHZZ;
				ENABLE_PREVIEWS = YES;
				GENERATE_INFOPLIST_FILE = YES;
				INFOPLIST_KEY_ITSAppUsesNonExemptEncryption = NO;
				INFOPLIST_KEY_NSCameraUsageDescription = "SumIt использует камеру для сканирования чеков";
				INFOPLIST_KEY_NSFaceIDUsageDescription = "SumIt использует Face ID для защиты финансовых данных";
				INFOPLIST_KEY_NSMicrophoneUsageDescription = "SumIt использует микрофон для голосового ввода";
				INFOPLIST_KEY_NSSpeechRecognitionUsageDescription = "SumIt распознаёт речь для записи расходов";
				INFOPLIST_KEY_UIApplicationSceneManifest_Generation = YES;
				INFOPLIST_KEY_UIApplicationSupportsIndirectInputEvents = YES;
				INFOPLIST_KEY_UILaunchScreen_Generation = YES;
				INFOPLIST_KEY_UISupportedInterfaceOrientations_iPad = "UIInterfaceOrientationPortrait UIInterfaceOrientationPortraitUpsideDown UIInterfaceOrientationLandscapeLeft UIInterfaceOrientationLandscapeRight";
				INFOPLIST_KEY_UISupportedInterfaceOrientations_iPhone = "UIInterfaceOrientationPortrait UIInterfaceOrientationLandscapeLeft UIInterfaceOrientationLandscapeRight";
				LD_RUNPATH_SEARCH_PATHS = (
					"$(inherited)",
					"@executable_path/Frameworks",
				);
				MARKETING_VERSION = 1.3;
				PRODUCT_BUNDLE_IDENTIFIER = com.mykyta.SumIt;
				PRODUCT_NAME = "$(TARGET_NAME)";
				PROVISIONING_PROFILE_SPECIFIER = "";
				STRING_CATALOG_GENERATE_SYMBOLS = YES;
				SWIFT_APPROACHABLE_CONCURRENCY = YES;
				SWIFT_DEFAULT_ACTOR_ISOLATION = MainActor;
				SWIFT_EMIT_LOC_STRINGS = YES;
				SWIFT_UPCOMING_FEATURE_MEMBER_IMPORT_VISIBILITY = YES;
				SWIFT_VERSION = 5.0;
				TARGETED_DEVICE_FAMILY = "1,2";
			};
			name = Debug;
		};
		F32B111D2F7457DE0087E901 /* Release */ = {
			isa = XCBuildConfiguration;
			buildSettings = {
				ASSETCATALOG_COMPILER_APPICON_NAME = AppIcon;
				ASSETCATALOG_COMPILER_GLOBAL_ACCENT_COLOR_NAME = AccentColor;
				CODE_SIGN_ENTITLEMENTS = SumIt/SumIt.entitlements;
				CODE_SIGN_IDENTITY = "Apple Development";
				CODE_SIGN_STYLE = Automatic;
				CURRENT_PROJECT_VERSION = 1;
				DEVELOPMENT_TEAM = J98SU5UHZZ;
				ENABLE_PREVIEWS = YES;
				GENERATE_INFOPLIST_FILE = YES;
				INFOPLIST_KEY_ITSAppUsesNonExemptEncryption = NO;
				INFOPLIST_KEY_NSCameraUsageDescription = "SumIt использует камеру для сканирования чеков";
				INFOPLIST_KEY_NSFaceIDUsageDescription = "SumIt использует Face ID для защиты финансовых данных";
				INFOPLIST_KEY_NSMicrophoneUsageDescription = "SumIt использует микрофон для голосового ввода";
				INFOPLIST_KEY_NSSpeechRecognitionUsageDescription = "SumIt распознаёт речь для записи расходов";
				INFOPLIST_KEY_UIApplicationSceneManifest_Generation = YES;
				INFOPLIST_KEY_UIApplicationSupportsIndirectInputEvents = YES;
				INFOPLIST_KEY_UILaunchScreen_Generation = YES;
				INFOPLIST_KEY_UISupportedInterfaceOrientations_iPad = "UIInterfaceOrientationPortrait UIInterfaceOrientationPortraitUpsideDown UIInterfaceOrientationLandscapeLeft UIInterfaceOrientationLandscapeRight";
				INFOPLIST_KEY_UISupportedInterfaceOrientations_iPhone = "UIInterfaceOrientationPortrait UIInterfaceOrientationLandscapeLeft UIInterfaceOrientationLandscapeRight";
				LD_RUNPATH_SEARCH_PATHS = (
					"$(inherited)",
					"@executable_path/Frameworks",
				);
				MARKETING_VERSION = 1.3;
				PRODUCT_BUNDLE_IDENTIFIER = com.mykyta.SumIt;
				PRODUCT_NAME = "$(TARGET_NAME)";
				PROVISIONING_PROFILE_SPECIFIER = "";
				STRING_CATALOG_GENERATE_SYMBOLS = YES;
				SWIFT_APPROACHABLE_CONCURRENCY = YES;
				SWIFT_DEFAULT_ACTOR_ISOLATION = MainActor;
				SWIFT_EMIT_LOC_STRINGS = YES;
				SWIFT_UPCOMING_FEATURE_MEMBER_IMPORT_VISIBILITY = YES;
				SWIFT_VERSION = 5.0;
				TARGETED_DEVICE_FAMILY = "1,2";
			};
			name = Release;
		};
/* End XCBuildConfiguration section */

/* Begin XCConfigurationList section */
		F3C000070000000000000000 /* Build configuration list for PBXNativeTarget "SumItUITests" */ = {
			isa = XCConfigurationList;
			buildConfigurations = (
				F3C000080000000000000000 /* Debug */,
				F3C000090000000000000000 /* Release */,
			);
			defaultConfigurationIsVisible = 0;
			defaultConfigurationName = Release;
		};
		F3B000070000000000000000 /* Build configuration list for PBXNativeTarget "SumItTests" */ = {
			isa = XCConfigurationList;
			buildConfigurations = (
				F3B000080000000000000000 /* Debug */,
				F3B000090000000000000000 /* Release */,
			);
			defaultConfigurationIsVisible = 0;
			defaultConfigurationName = Release;
		};
		F32B11092F7457DB0087E901 /* Build configuration list for PBXProject "SumIt" */ = {
			isa = XCConfigurationList;
			buildConfigurations = (
				F32B11192F7457DE0087E901 /* Debug */,
				F32B111A2F7457DE0087E901 /* Release */,
			);
			defaultConfigurationIsVisible = 0;
			defaultConfigurationName = Release;
		};
		F32B111B2F7457DE0087E901 /* Build configuration list for PBXNativeTarget "SumIt" */ = {
			isa = XCConfigurationList;
			buildConfigurations = (
				F32B111C2F7457DE0087E901 /* Debug */,
				F32B111D2F7457DE0087E901 /* Release */,
			);
			defaultConfigurationIsVisible = 0;
			defaultConfigurationName = Release;
		};
/* End XCConfigurationList section */
	};
	rootObject = F32B11062F7457DB0087E901 /* Project object */;
}
